
Microsoft Visual Studio Solution File, Format Version 12.00
# Visual Studio Version 17
VisualStudioVersion = 17.0.31903.59
MinimumVisualStudioVersion = 10.0.40219.1
Project("{FAE04EC0-301F-11D3-BF4B-00C04F79EFBC}") = "EnvironmentTracker.Server", "EnvironmentTracker.Server\EnvironmentTracker.Server.csproj", "{90AEC6BC-CB08-44EC-8497-D96C11857A96}"
EndProject
Project("{FAE04EC0-301F-11D3-BF4B-00C04F79EFBC}") = "EnvironmentTracker.Client", "EnvironmentTracker.Client\EnvironmentTracker.Client.csproj", "{F1021FC9-511A-49B2-9B3C-ED3F2D23B3DD}"
EndProject
Project("{FAE04EC0-301F-11D3-BF4B-00C04F79EFBC}") = "EnvironmentTracker.Shared", "EnvironmentTracker.Shared\EnvironmentTracker.Shared.csproj", "{CC8850A9-B296-49B4-BDC8-5F74F17C49A8}"
EndProject
Global
	GlobalSection(SolutionConfigurationPlatforms) = preSolution
		Debug|Any CPU = Debug|Any CPU
		Debug|x64 = Debug|x64
		Debug|x86 = Debug|x86
		Release|Any CPU = Release|Any CPU
		Release|x64 = Release|x64
		Release|x86 = Release|x86
	EndGlobalSection
	GlobalSection(ProjectConfigurationPlatforms) = postSolution
		{90AEC6BC-CB08-44EC-8497-D96C11857A96}.Debug|Any CPU.ActiveCfg = Debug|Any CPU
		{90AEC6BC-CB08-44EC-8497-D96C11857A96}.Debug|Any CPU.Build.0 = Debug|Any CPU
		{90AEC6BC-CB08-44EC-8497-D96C11857A96}.Debug|x64.ActiveCfg = Debug|Any CPU
		{90AEC6BC-CB08-44EC-8497-D96C11857A96}.Debug|x64.Build.0 = Debug|Any CPU
		{90AEC6BC-CB08-44EC-8497-D96C11857A96}.Debug|x86.ActiveCfg = Debug|Any CPU
		{90AEC6BC-CB08-44EC-8497-D96C11857A96}.Debug|x86.Build.0 = Debug|Any CPU
		{90AEC6BC-CB08-44EC-8497-D96C11857A96}.Release|Any CPU.ActiveCfg = Release|Any CPU
		{90AEC6BC-CB08-44EC-8497-D96C11857A96}.Release|Any CPU.Build.0 = Release|Any CPU
		{90AEC6BC-CB08-44EC-8497-D96C11857A96}.Release|x64.ActiveCfg = Release|Any CPU
		{90AEC6BC-CB08-44EC-8497-D96C11857A96}.Release|x64.Build.0 = Release|Any CPU
		{90AEC6BC-CB08-44EC-8497-D96C11857A96}.Release|x86.ActiveCfg = Release|Any CPU
		{90AEC6BC-CB08-44EC-8497-D96C11857A96}.Release|x86.Build.0 = Release|Any CPU
		{F1021FC9-511A-49B2-9B3C-ED3F2D23B3DD}.Debug|Any CPU.ActiveCfg = Debug|Any CPU
		{F1021FC9-511A-49B2-9B3C-ED3F2D23B3DD}.Debug|Any CPU.Build.0 = Debug|Any CPU
		{F1021FC9-511A-49B2-9B3C-ED3F2D23B3DD}.Debug|x64.ActiveCfg = Debug|Any CPU
		{F1021FC9-511A-49B2-9B3C-ED3F2D23B3DD}.Debug|x64.Build.0 = Debug|Any CPU
		{F1021FC9-511A-49B2-9B3C-ED3F2D23B3DD}.Debug|x86.ActiveCfg = Debug|Any CPU
		{F1021FC9-511A-49B2-9B3C-ED3F2D23B3DD}.Debug|x86.Build.0 = Debug|Any CPU
		{F1021FC9-511A-49B2-9B3C-ED3F2D23B3DD}.Release|Any CPU.ActiveCfg = Release|Any CPU
		{F1021FC9-511A-49B2-9B3C-ED3F2D23B3DD}.Release|Any CPU.Build.0 = Release|Any CPU
		{F1021FC9-511A-49B2-9B3C-ED3F2D23B3DD}.Release|x64.ActiveCfg = Release|Any CPU
		{F1021FC9-511A-49B2-9B3C-ED3F2D23B3DD}.Release|x64.Build.0 = Release|Any CPU
		{F1021FC9-511A-49B2-9B3C-ED3F2D23B3DD}.Release|x86.ActiveCfg = Release|Any CPU
		{F1021FC9-511A-49B2-9B3C-ED3F2D23B3DD}.Release|x86.Build.0 = Release|Any CPU
		{CC8850A9-B296-49B4-BDC8-5F74F17C49A8}.Debug|Any CPU.ActiveCfg = Debug|Any CPU
		{CC8850A9-B296-49B4-BDC8-5F74F17C49A8}.Debug|Any CPU.Build.0 = Debug|Any CPU
		{CC8850A9-B296-49B4-BDC8-5F74F17C49A8}.Debug|x64.ActiveCfg = Debug|Any CPU
		{CC8850A9-B296-49B4-BDC8-5F74F17C49A8}.Debug|x64.Build.0 = Debug|Any CPU
		{CC8850A9-B296-49B4-BDC8-5F74F17C49A8}.Debug|x86.ActiveCfg = Debug|Any CPU
		{CC8850A9-B296-49B4-BDC8-5F74F17C49A8}.Debug|x86.Build.0 = Debug|Any CPU
		{CC8850A9-B296-49B4-BDC8-5F74F17C49A8}.Release|Any CPU.ActiveCfg = Release|Any CPU
		{CC8850A9-B296-49B4-BDC8-5F74F17C49A8}.Release|Any CPU.Build.0 = Release|Any CPU
		{CC8850A9-B296-49B4-BDC8-5F74F17C49A8}.Release|x64.ActiveCfg = Release|Any CPU
		{CC8850A9-B296-49B4-BDC8-5F74F17C49A8}.Release|x64.Build.0 = Release|Any CPU
		{CC8850A9-B296-49B4-BDC8-5F74F17C49A8}.Release|x86.ActiveCfg = Release|Any CPU
		{CC8850A9-B296-49B4-BDC8-5F74F17C49A8}.Release|x86.Build.0 = Release|Any CPU
	EndGlobalSection
	GlobalSection(SolutionProperties) = preSolution
		HideSolutionNode = FALSE
	EndGlobalSection
EndGlobal
